
Microsoft Visual Studio Solution File, Format Version 12.00
# Visual Studio Version 16
VisualStudioVersion = 16.0.29123.88
MinimumVisualStudioVersion = 10.0.40219.1
Project("{FAE04EC0-301F-11D3-BF4B-00C04F79EFBC}") = "Spike-Deploy-Server-W2008", "Spike-Deploy-Server-W2008.csproj", "{FC7147B1-7DA6-4C77-85DC-AF0EF1BE6ED4}"
EndProject
Global
	GlobalSection(SolutionConfigurationPlatforms) = preSolution
		Debug|Any CPU = Debug|Any CPU
		Release|Any CPU = Release|Any CPU
	EndGlobalSection
	GlobalSection(ProjectConfigurationPlatforms) = postSolution
		{FC7147B1-7DA6-4C77-85DC-AF0EF1BE6ED4}.Debug|Any CPU.ActiveCfg = Debug|Any CPU
		{FC7147B1-7DA6-4C77-85DC-AF0EF1BE6ED4}.Debug|Any CPU.Build.0 = Debug|Any CPU
		{FC7147B1-7DA6-4C77-85DC-AF0EF1BE6ED4}.Release|Any CPU.ActiveCfg = Release|Any CPU
		{FC7147B1-7DA6-4C77-85DC-AF0EF1BE6ED4}.Release|Any CPU.Build.0 = Release|Any CPU
	EndGlobalSection
	GlobalSection(SolutionProperties) = preSolution
		HideSolutionNode = FALSE
	EndGlobalSection
	GlobalSection(ExtensibilityGlobals) = postSolution
		SolutionGuid = {D2111E4B-79CB-468A-985C-DB219A041C2B}
	EndGlobalSection
EndGlobal
